
Microsoft Visual Studio Solution File, Format Version 12.00
# Visual Studio Version 16
VisualStudioVersion = 16.0.30413.136
MinimumVisualStudioVersion = 10.0.40219.1
Project("{9A19103F-16F7-4668-BE54-9A1E7A4F7556}") = "Module07Lesson07WPFMiniProject", "Module07Lesson07WPFMiniProject\Module07Lesson07WPFMiniProject.csproj", "{EC68B14C-C551-4374-ADC8-0CE6E2573A79}"
EndProject
Project("{9A19103F-16F7-4668-BE54-9A1E7A4F7556}") = "DemoLibrary", "DemoLibrary\DemoLibrary.csproj", "{18908B88-F4AF-418E-A811-EF88EB3E613F}"
EndProject
Project("{FAE04EC0-301F-11D3-BF4B-00C04F79EFBC}") = "Module07Lesson07WPFMiniProjectLessonSourceCode", "Module07Lesson07WPFMiniProjectLessonSourceCode\Module07Lesson07WPFMiniProjectLessonSourceCode.csproj", "{224AADFE-DE34-4345-90A4-559D191B46F3}"
EndProject
Global
	GlobalSection(SolutionConfigurationPlatforms) = preSolution
		Debug|Any CPU = Debug|Any CPU
		Release|Any CPU = Release|Any CPU
	EndGlobalSection
	GlobalSection(ProjectConfigurationPlatforms) = postSolution
		{EC68B14C-C551-4374-ADC8-0CE6E2573A79}.Debug|Any CPU.ActiveCfg = Debug|Any CPU
		{EC68B14C-C551-4374-ADC8-0CE6E2573A79}.Debug|Any CPU.Build.0 = Debug|Any CPU
		{EC68B14C-C551-4374-ADC8-0CE6E2573A79}.Release|Any CPU.ActiveCfg = Release|Any CPU
		{EC68B14C-C551-4374-ADC8-0CE6E2573A79}.Release|Any CPU.Build.0 = Release|Any CPU
		{18908B88-F4AF-418E-A811-EF88EB3E613F}.Debug|Any CPU.ActiveCfg = Debug|Any CPU
		{18908B88-F4AF-418E-A811-EF88EB3E613F}.Debug|Any CPU.Build.0 = Debug|Any CPU
		{18908B88-F4AF-418E-A811-EF88EB3E613F}.Release|Any CPU.ActiveCfg = Release|Any CPU
		{18908B88-F4AF-418E-A811-EF88EB3E613F}.Release|Any CPU.Build.0 = Release|Any CPU
		{224AADFE-DE34-4345-90A4-559D191B46F3}.Debug|Any CPU.ActiveCfg = Debug|Any CPU
		{224AADFE-DE34-4345-90A4-559D191B46F3}.Debug|Any CPU.Build.0 = Debug|Any CPU
		{224AADFE-DE34-4345-90A4-559D191B46F3}.Release|Any CPU.ActiveCfg = Release|Any CPU
		{224AADFE-DE34-4345-90A4-559D191B46F3}.Release|Any CPU.Build.0 = Release|Any CPU
	EndGlobalSection
	GlobalSection(SolutionProperties) = preSolution
		HideSolutionNode = FALSE
	EndGlobalSection
	GlobalSection(ExtensibilityGlobals) = postSolution
		SolutionGuid = {50F1BAAA-A74B-4A33-BDA2-42730E85604D}
	EndGlobalSection
EndGlobal
