
Microsoft Visual Studio Solution File, Format Version 12.00
# Visual Studio Version 16
VisualStudioVersion = 16.0.30204.135
MinimumVisualStudioVersion = 10.0.40219.1
Project("{FAE04EC0-301F-11D3-BF4B-00C04F79EFBC}") = "WebAppDemo", "WebAppDemo\WebAppDemo.csproj", "{91EF4E33-3A4E-48FE-BAD2-9EBED4FB62C6}"
EndProject
Global
	GlobalSection(SolutionConfigurationPlatforms) = preSolution
		Debug|Any CPU = Debug|Any CPU
		Release|Any CPU = Release|Any CPU
	EndGlobalSection
	GlobalSection(ProjectConfigurationPlatforms) = postSolution
		{91EF4E33-3A4E-48FE-BAD2-9EBED4FB62C6}.Debug|Any CPU.ActiveCfg = Debug|Any CPU
		{91EF4E33-3A4E-48FE-BAD2-9EBED4FB62C6}.Debug|Any CPU.Build.0 = Debug|Any CPU
		{91EF4E33-3A4E-48FE-BAD2-9EBED4FB62C6}.Release|Any CPU.ActiveCfg = Release|Any CPU
		{91EF4E33-3A4E-48FE-BAD2-9EBED4FB62C6}.Release|Any CPU.Build.0 = Release|Any CPU
	EndGlobalSection
	GlobalSection(SolutionProperties) = preSolution
		HideSolutionNode = FALSE
	EndGlobalSection
	GlobalSection(ExtensibilityGlobals) = postSolution
		SolutionGuid = {A22300A7-3924-4331-8372-EA37245ACFB8}
	EndGlobalSection
EndGlobal
