
Microsoft Visual Studio Solution File, Format Version 12.00
# Visual Studio Version 16
VisualStudioVersion = 16.0.30413.136
MinimumVisualStudioVersion = 10.0.40219.1
Project("{FAE04EC0-301F-11D3-BF4B-00C04F79EFBC}") = "Module07Lesson10ASPNetCoreMVC", "Module07Lesson10ASPNetCoreMVC\Module07Lesson10ASPNetCoreMVC.csproj", "{529E3838-4C7F-4224-B102-4D6D6E99134E}"
EndProject
Global
	GlobalSection(SolutionConfigurationPlatforms) = preSolution
		Debug|Any CPU = Debug|Any CPU
		Release|Any CPU = Release|Any CPU
	EndGlobalSection
	GlobalSection(ProjectConfigurationPlatforms) = postSolution
		{529E3838-4C7F-4224-B102-4D6D6E99134E}.Debug|Any CPU.ActiveCfg = Debug|Any CPU
		{529E3838-4C7F-4224-B102-4D6D6E99134E}.Debug|Any CPU.Build.0 = Debug|Any CPU
		{529E3838-4C7F-4224-B102-4D6D6E99134E}.Release|Any CPU.ActiveCfg = Release|Any CPU
		{529E3838-4C7F-4224-B102-4D6D6E99134E}.Release|Any CPU.Build.0 = Release|Any CPU
	EndGlobalSection
	GlobalSection(SolutionProperties) = preSolution
		HideSolutionNode = FALSE
	EndGlobalSection
	GlobalSection(ExtensibilityGlobals) = postSolution
		SolutionGuid = {FBFCBA7F-554B-4739-8EAA-DDC2F0A22D37}
	EndGlobalSection
EndGlobal
